
Microsoft Visual Studio Solution File, Format Version 12.00
# Visual Studio Version 17
VisualStudioVersion = 17.14.36811.4
MinimumVisualStudioVersion = 10.0.40219.1
Project("{FAE04EC0-301F-11D3-BF4B-00C04F79EFBC}") = "SRP", "SRP\SRP.csproj", "{346A83AC-01E2-43F2-BA37-3F3553432D7C}"
EndProject
Project("{FAE04EC0-301F-11D3-BF4B-00C04F79EFBC}") = "OpenClosedPrinciple", "OpenClosedPrinciple\OpenClosedPrinciple.csproj", "{FEC58E22-AE5F-4794-B127-AB748CDAD465}"
EndProject
Global
	GlobalSection(SolutionConfigurationPlatforms) = preSolution
		Debug|Any CPU = Debug|Any CPU
		Release|Any CPU = Release|Any CPU
	EndGlobalSection
	GlobalSection(ProjectConfigurationPlatforms) = postSolution
		{346A83AC-01E2-43F2-BA37-3F3553432D7C}.Debug|Any CPU.ActiveCfg = Debug|Any CPU
		{346A83AC-01E2-43F2-BA37-3F3553432D7C}.Debug|Any CPU.Build.0 = Debug|Any CPU
		{346A83AC-01E2-43F2-BA37-3F3553432D7C}.Release|Any CPU.ActiveCfg = Release|Any CPU
		{346A83AC-01E2-43F2-BA37-3F3553432D7C}.Release|Any CPU.Build.0 = Release|Any CPU
		{FEC58E22-AE5F-4794-B127-AB748CDAD465}.Debug|Any CPU.ActiveCfg = Debug|Any CPU
		{FEC58E22-AE5F-4794-B127-AB748CDAD465}.Debug|Any CPU.Build.0 = Debug|Any CPU
		{FEC58E22-AE5F-4794-B127-AB748CDAD465}.Release|Any CPU.ActiveCfg = Release|Any CPU
		{FEC58E22-AE5F-4794-B127-AB748CDAD465}.Release|Any CPU.Build.0 = Release|Any CPU
	EndGlobalSection
	GlobalSection(SolutionProperties) = preSolution
		HideSolutionNode = FALSE
	EndGlobalSection
	GlobalSection(ExtensibilityGlobals) = postSolution
		SolutionGuid = {19592F5C-918E-451B-BF70-D26B867BB3D5}
	EndGlobalSection
EndGlobal
